
Microsoft Visual Studio Solution File, Format Version 11.00
# Visual Studio 2010
Project("{FAE04EC0-301F-11D3-BF4B-00C04F79EFBC}") = "Assembly-CSharp", "Assembly-CSharp.csproj", "{035fdd52-8e5c-2394-fa22-f1fc992e99d4}"
EndProject
Project("{FAE04EC0-301F-11D3-BF4B-00C04F79EFBC}") = "Assembly-CSharp-Editor", "Assembly-CSharp-Editor.csproj", "{cbdc25a3-4f71-aab9-973c-383a27392c6a}"
EndProject
Global
	GlobalSection(SolutionConfigurationPlatforms) = preSolution
		Debug|Any CPU = Debug|Any CPU
	EndGlobalSection
	GlobalSection(ProjectConfigurationPlatforms) = postSolution
		{035fdd52-8e5c-2394-fa22-f1fc992e99d4}.Debug|Any CPU.ActiveCfg = Debug|Any CPU
		{035fdd52-8e5c-2394-fa22-f1fc992e99d4}.Debug|Any CPU.Build.0 = Debug|Any CPU
		{cbdc25a3-4f71-aab9-973c-383a27392c6a}.Debug|Any CPU.ActiveCfg = Debug|Any CPU
		{cbdc25a3-4f71-aab9-973c-383a27392c6a}.Debug|Any CPU.Build.0 = Debug|Any CPU
	EndGlobalSection
	GlobalSection(SolutionProperties) = preSolution
		HideSolutionNode = FALSE
	EndGlobalSection
EndGlobal
